
Microsoft Visual Studio Solution File, Format Version 12.00
# Visual Studio 2012
Project("{FAE04EC0-301F-11D3-BF4B-00C04F79EFBC}") = "MVCSamples", "MVCSamples\MVCSamples.csproj", "{E84F31CB-BEAA-4D2D-A4FB-E9B55CC4D3A8}"
EndProject
Project("{FAE04EC0-301F-11D3-BF4B-00C04F79EFBC}") = "BusinessLogic", "BusinessLogic\BusinessLogic.csproj", "{032FB578-F211-44B3-8880-9491C983E7F2}"
EndProject
Global
	GlobalSection(SolutionConfigurationPlatforms) = preSolution
		Debug|Any CPU = Debug|Any CPU
		Release|Any CPU = Release|Any CPU
	EndGlobalSection
	GlobalSection(ProjectConfigurationPlatforms) = postSolution
		{E84F31CB-BEAA-4D2D-A4FB-E9B55CC4D3A8}.Debug|Any CPU.ActiveCfg = Debug|Any CPU
		{E84F31CB-BEAA-4D2D-A4FB-E9B55CC4D3A8}.Debug|Any CPU.Build.0 = Debug|Any CPU
		{E84F31CB-BEAA-4D2D-A4FB-E9B55CC4D3A8}.Release|Any CPU.ActiveCfg = Release|Any CPU
		{E84F31CB-BEAA-4D2D-A4FB-E9B55CC4D3A8}.Release|Any CPU.Build.0 = Release|Any CPU
		{032FB578-F211-44B3-8880-9491C983E7F2}.Debug|Any CPU.ActiveCfg = Debug|Any CPU
		{032FB578-F211-44B3-8880-9491C983E7F2}.Debug|Any CPU.Build.0 = Debug|Any CPU
		{032FB578-F211-44B3-8880-9491C983E7F2}.Release|Any CPU.ActiveCfg = Release|Any CPU
		{032FB578-F211-44B3-8880-9491C983E7F2}.Release|Any CPU.Build.0 = Release|Any CPU
	EndGlobalSection
	GlobalSection(SolutionProperties) = preSolution
		HideSolutionNode = FALSE
	EndGlobalSection
EndGlobal
